// !$*UTF8*$!
{
	archiveVersion = 1;
	classes = {
	};
	objectVersion = 56;
	objects = {

/* Begin PBXBuildFile section */
		9DF754062A7E1B1B00876AA7 /* main.cpp in Sources */ = {isa = PBXBuildFile; fileRef = 9DF754052A7E1B1B00876AA7 /* main.cpp */; };
/* End PBXBuildFile section */

/* Begin PBXCopyFilesBuildPhase section */
		9DF754002A7E1B1B00876AA7 /* CopyFiles */ = {
			isa = PBXCopyFilesBuildPhase;
			buildActionMask = 2147483647;
			dstPath = /usr/share/man/man1/;
			dstSubfolderSpec = 0;
			files = (
			);
			runOnlyForDeploymentPostprocessing = 1;
		};
/* End PBXCopyFilesBuildPhase section */

/* Begin PBXFileReference section */
		9D07CDAF2AAF2873004F929B /* ConstructBinaryTreeFromPreorderAndInorderTraversal.hpp */ = {isa = PBXFileReference; lastKnownFileType = sourcecode.cpp.h; path = ConstructBinaryTreeFromPreorderAndInorderTraversal.hpp; sourceTree = "<group>"; };
		9D07CDB52AAF3006004F929B /* ConstructBinaryTreeFromInorderAndPostorderTraversal.hpp */ = {isa = PBXFileReference; lastKnownFileType = sourcecode.cpp.h; path = ConstructBinaryTreeFromInorderAndPostorderTraversal.hpp; sourceTree = "<group>"; };
		9D09377A2A8CF32900B9A545 /* SubtreeOfAnotherTree.hpp */ = {isa = PBXFileReference; lastKnownFileType = sourcecode.cpp.h; path = SubtreeOfAnotherTree.hpp; sourceTree = "<group>"; };
		9D09378B2A8F7EEA00B9A545 /* ConstructStringFromBinaryTree.hpp */ = {isa = PBXFileReference; lastKnownFileType = sourcecode.cpp.h; path = ConstructStringFromBinaryTree.hpp; sourceTree = "<group>"; };
		9D09378F2A8F80A800B9A545 /* BinaryTree.hpp */ = {isa = PBXFileReference; lastKnownFileType = sourcecode.cpp.h; path = BinaryTree.hpp; sourceTree = "<group>"; };
		9D110DFB2A822FD300535A57 /* BinaryTreePreorderTraversal.hpp */ = {isa = PBXFileReference; lastKnownFileType = sourcecode.cpp.h; path = BinaryTreePreorderTraversal.hpp; sourceTree = "<group>"; };
		9D110DFE2A823B9200535A57 /* BinaryTreePostorderTraversal.hpp */ = {isa = PBXFileReference; lastKnownFileType = sourcecode.cpp.h; path = BinaryTreePostorderTraversal.hpp; sourceTree = "<group>"; };
		9D110E112A84D4B500535A57 /* CountCompleteTreeNodes.hpp */ = {isa = PBXFileReference; lastKnownFileType = sourcecode.cpp.h; path = CountCompleteTreeNodes.hpp; sourceTree = "<group>"; };
		9D110E142A84E05A00535A57 /* SameTree.hpp */ = {isa = PBXFileReference; lastKnownFileType = sourcecode.cpp.h; path = SameTree.hpp; sourceTree = "<group>"; };
		9D110E252A863E9F00535A57 /* BinaryTreePaths.hpp */ = {isa = PBXFileReference; lastKnownFileType = sourcecode.cpp.h; path = BinaryTreePaths.hpp; sourceTree = "<group>"; };
		9D110E282A8750BE00535A57 /* FindModeInBinarySearchTree.hpp */ = {isa = PBXFileReference; lastKnownFileType = sourcecode.cpp.h; path = FindModeInBinarySearchTree.hpp; sourceTree = "<group>"; };
		9D110E2B2A87538100535A57 /* SumOfLeftLeaves.hpp */ = {isa = PBXFileReference; lastKnownFileType = sourcecode.cpp.h; path = SumOfLeftLeaves.hpp; sourceTree = "<group>"; };
		9D110E2E2A8A265A00535A57 /* MinimumAbsoluteDifferenceInBST.hpp */ = {isa = PBXFileReference; lastKnownFileType = sourcecode.cpp.h; path = MinimumAbsoluteDifferenceInBST.hpp; sourceTree = "<group>"; };
		9D110E312A8A2DC000535A57 /* DiameterOfBinaryTree.hpp */ = {isa = PBXFileReference; lastKnownFileType = sourcecode.cpp.h; path = DiameterOfBinaryTree.hpp; sourceTree = "<group>"; };
		9D110E342A8B8F6900535A57 /* BinaryTreeTilt.hpp */ = {isa = PBXFileReference; lastKnownFileType = sourcecode.cpp.h; path = BinaryTreeTilt.hpp; sourceTree = "<group>"; };
		9D1461112ACD51D200A8B72A /* VerifyPreorderSerializationOfABinaryTree.hpp */ = {isa = PBXFileReference; lastKnownFileType = sourcecode.cpp.h; path = VerifyPreorderSerializationOfABinaryTree.hpp; sourceTree = "<group>"; };
		9D151FEC2C20455E00F7941E /* ReverseWordsInAString.hpp */ = {isa = PBXFileReference; lastKnownFileType = sourcecode.cpp.h; path = ReverseWordsInAString.hpp; sourceTree = "<group>"; };
		9D1520CE2C218B9400F7941E /* ZigzagConversion.hpp */ = {isa = PBXFileReference; lastKnownFileType = sourcecode.cpp.h; path = ZigzagConversion.hpp; sourceTree = "<group>"; };
		9D1520D82C22ECC600F7941E /* TwoSumIIInputArrayIsSorted.hpp */ = {isa = PBXFileReference; lastKnownFileType = sourcecode.cpp.h; path = TwoSumIIInputArrayIsSorted.hpp; sourceTree = "<group>"; };
		9D15C97E2BAC6213009610AF /* Sqrt(x).hpp */ = {isa = PBXFileReference; lastKnownFileType = sourcecode.cpp.h; path = "Sqrt(x).hpp"; sourceTree = "<group>"; };
		9D15C9832BAC625F009610AF /* Math.hpp */ = {isa = PBXFileReference; lastKnownFileType = sourcecode.cpp.h; path = Math.hpp; sourceTree = "<group>"; };
		9D15C9882BAD8E3C009610AF /* MergeSortedArray.hpp */ = {isa = PBXFileReference; lastKnownFileType = sourcecode.cpp.h; path = MergeSortedArray.hpp; sourceTree = "<group>"; };
		9D15C98C2BAD8FC9009610AF /* Arrays.hpp */ = {isa = PBXFileReference; lastKnownFileType = sourcecode.cpp.h; path = Arrays.hpp; sourceTree = "<group>"; };
		9D1DBB222BCD4D9B00ACA5D7 /* RomanToInteger.hpp */ = {isa = PBXFileReference; lastKnownFileType = sourcecode.cpp.h; path = RomanToInteger.hpp; sourceTree = "<group>"; };
		9D1DBB252BCD4DC600ACA5D7 /* HashTable.hpp */ = {isa = PBXFileReference; lastKnownFileType = sourcecode.cpp.h; path = HashTable.hpp; sourceTree = "<group>"; };
		9D1DBB2B2BCFC7B700ACA5D7 /* LengthOfLastWord.hpp */ = {isa = PBXFileReference; lastKnownFileType = sourcecode.cpp.h; path = LengthOfLastWord.hpp; sourceTree = "<group>"; };
		9D1DBB312BD1185500ACA5D7 /* LongestCommonPrefix.hpp */ = {isa = PBXFileReference; lastKnownFileType = sourcecode.cpp.h; path = LongestCommonPrefix.hpp; sourceTree = "<group>"; };
		9D1DBB452BD25C6D00ACA5D7 /* FindTheIndexOfTheFirstOccurrenceInAString.hpp */ = {isa = PBXFileReference; lastKnownFileType = sourcecode.cpp.h; path = FindTheIndexOfTheFirstOccurrenceInAString.hpp; sourceTree = "<group>"; };
		9D1DBB512BD673B900ACA5D7 /* ValidPalindrome.hpp */ = {isa = PBXFileReference; lastKnownFileType = sourcecode.cpp.h; path = ValidPalindrome.hpp; sourceTree = "<group>"; };
		9D1DBBA32BD7BFCC00ACA5D7 /* RansomNote.hpp */ = {isa = PBXFileReference; lastKnownFileType = sourcecode.cpp.h; path = RansomNote.hpp; sourceTree = "<group>"; };
		9D1E2AD82ABED04E007A662F /* BinaryTreeRightSideView.hpp */ = {isa = PBXFileReference; lastKnownFileType = sourcecode.cpp.h; path = BinaryTreeRightSideView.hpp; sourceTree = "<group>"; };
		9D1E2ADB2ABED2FC007A662F /* BinarySearchTreeIterator.hpp */ = {isa = PBXFileReference; lastKnownFileType = sourcecode.cpp.h; path = BinarySearchTreeIterator.hpp; sourceTree = "<group>"; };
		9D1E2ADE2ABEDC85007A662F /* LowestCommonAncestorOfABinarySearchTree.hpp */ = {isa = PBXFileReference; lastKnownFileType = sourcecode.cpp.h; path = LowestCommonAncestorOfABinarySearchTree.hpp; sourceTree = "<group>"; };
		9D1E2AE12ABEE2D1007A662F /* LowestCommonAncestorOfABinaryTree.hpp */ = {isa = PBXFileReference; lastKnownFileType = sourcecode.cpp.h; path = LowestCommonAncestorOfABinaryTree.hpp; sourceTree = "<group>"; };
		9D1EEEAC2BDAE14500098259 /* WordPattern.hpp */ = {isa = PBXFileReference; lastKnownFileType = sourcecode.cpp.h; path = WordPattern.hpp; sourceTree = "<group>"; };
		9D215F482AD7F77700FBED32 /* PathSumIII.hpp */ = {isa = PBXFileReference; lastKnownFileType = sourcecode.cpp.h; path = PathSumIII.hpp; sourceTree = "<group>"; };
		9D215F4B2AD800F100FBED32 /* HouseRobberIII.hpp */ = {isa = PBXFileReference; lastKnownFileType = sourcecode.cpp.h; path = HouseRobberIII.hpp; sourceTree = "<group>"; };
		9D317A652AB1A70000F629EB /* BinaryTreeLevelOrderTraversalII.hpp */ = {isa = PBXFileReference; lastKnownFileType = sourcecode.cpp.h; path = BinaryTreeLevelOrderTraversalII.hpp; sourceTree = "<group>"; };
		9D32D78C2AB87DED00D04446 /* FlattenBinaryTreeToLinkedList.hpp */ = {isa = PBXFileReference; lastKnownFileType = sourcecode.cpp.h; path = FlattenBinaryTreeToLinkedList.hpp; sourceTree = "<group>"; };
		9D365D7E2BC3EFC300B0CD22 /* BestTimeToBuyAndSellStock.hpp */ = {isa = PBXFileReference; lastKnownFileType = sourcecode.cpp.h; path = BestTimeToBuyAndSellStock.hpp; sourceTree = "<group>"; };
		9D418AA62AB308220014DB1F /* ConvertSortedListToBinarySearchTree.hpp */ = {isa = PBXFileReference; lastKnownFileType = sourcecode.cpp.h; path = ConvertSortedListToBinarySearchTree.hpp; sourceTree = "<group>"; };
		9D418AA92AB3087D0014DB1F /* ListNode.hpp */ = {isa = PBXFileReference; lastKnownFileType = sourcecode.cpp.h; path = ListNode.hpp; sourceTree = "<group>"; };
		9D418AAC2AB44D450014DB1F /* PathSumII.hpp */ = {isa = PBXFileReference; lastKnownFileType = sourcecode.cpp.h; path = PathSumII.hpp; sourceTree = "<group>"; };
		9D5CE3062C1C3A4B00D8BA78 /* Strings.hpp */ = {isa = PBXFileReference; lastKnownFileType = sourcecode.cpp.h; path = Strings.hpp; sourceTree = "<group>"; };
		9D5CE30A2C1C3A7200D8BA78 /* IntegerToRoman.hpp */ = {isa = PBXFileReference; lastKnownFileType = sourcecode.cpp.h; path = IntegerToRoman.hpp; sourceTree = "<group>"; };
		9D618EFA2AAAFBF1002FF9B0 /* BinaryTreeLevelOrderTraversal.hpp */ = {isa = PBXFileReference; lastKnownFileType = sourcecode.cpp.h; path = BinaryTreeLevelOrderTraversal.hpp; sourceTree = "<group>"; };
		9D618EFD2AAB03ED002FF9B0 /* BinaryTreeZigzagLevelOrderTraversal.hpp */ = {isa = PBXFileReference; lastKnownFileType = sourcecode.cpp.h; path = BinaryTreeZigzagLevelOrderTraversal.hpp; sourceTree = "<group>"; };
		9D626C152BD96F450049991E /* IsomorphicStrings.hpp */ = {isa = PBXFileReference; lastKnownFileType = sourcecode.cpp.h; path = IsomorphicStrings.hpp; sourceTree = "<group>"; };
		9D6BF1252A950E940078805D /* AverageOfLevelsInBinaryTree.hpp */ = {isa = PBXFileReference; lastKnownFileType = sourcecode.cpp.h; path = AverageOfLevelsInBinaryTree.hpp; sourceTree = "<group>"; };
		9D6BF1282A95F2A40078805D /* TwoSumIV-InputIsA-BST.hpp */ = {isa = PBXFileReference; lastKnownFileType = sourcecode.cpp.h; path = "TwoSumIV-InputIsA-BST.hpp"; sourceTree = "<group>"; };
		9D6BF12B2A9766D80078805D /* SecondMinimumNodeInABinaryTree.hpp */ = {isa = PBXFileReference; lastKnownFileType = sourcecode.cpp.h; path = SecondMinimumNodeInABinaryTree.hpp; sourceTree = "<group>"; };
		9D7FCC862BF4A5A6001EB1BF /* PalindromeNumber.hpp */ = {isa = PBXFileReference; lastKnownFileType = sourcecode.cpp.h; path = PalindromeNumber.hpp; sourceTree = "<group>"; };
		9D7FCCA12BF61074001EB1BF /* SingleNumber.hpp */ = {isa = PBXFileReference; lastKnownFileType = sourcecode.cpp.h; path = SingleNumber.hpp; sourceTree = "<group>"; };
		9D7FCCAD2BF743F8001EB1BF /* NumberOf1Bits.hpp */ = {isa = PBXFileReference; lastKnownFileType = sourcecode.cpp.h; path = NumberOf1Bits.hpp; sourceTree = "<group>"; };
		9D937F172BF2019600018144 /* ClimbingStairs.hpp */ = {isa = PBXFileReference; lastKnownFileType = sourcecode.cpp.h; path = ClimbingStairs.hpp; sourceTree = "<group>"; };
		9D937F352BF343AC00018144 /* PlusOne.hpp */ = {isa = PBXFileReference; lastKnownFileType = sourcecode.cpp.h; path = PlusOne.hpp; sourceTree = "<group>"; };
		9D93CA962AA9B6DB00991445 /* ValidateBinarySearchTree.hpp */ = {isa = PBXFileReference; lastKnownFileType = sourcecode.cpp.h; path = ValidateBinarySearchTree.hpp; sourceTree = "<group>"; };
		9D93CA992AA9C8FC00991445 /* RecoverBinarySearchTree.hpp */ = {isa = PBXFileReference; lastKnownFileType = sourcecode.cpp.h; path = RecoverBinarySearchTree.hpp; sourceTree = "<group>"; };
		9D965F912BE1004700C2BB46 /* IsSubsequence.hpp */ = {isa = PBXFileReference; lastKnownFileType = sourcecode.cpp.h; path = IsSubsequence.hpp; sourceTree = "<group>"; };
		9D965FAC2BE26EA100C2BB46 /* ValidAnagram.hpp */ = {isa = PBXFileReference; lastKnownFileType = sourcecode.cpp.h; path = ValidAnagram.hpp; sourceTree = "<group>"; };
		9D965FCA2BE3C0EC00C2BB46 /* TwoSum.hpp */ = {isa = PBXFileReference; lastKnownFileType = sourcecode.cpp.h; path = TwoSum.hpp; sourceTree = "<group>"; };
		9D965FCD2BE3CBD700C2BB46 /* HappyNumber.hpp */ = {isa = PBXFileReference; lastKnownFileType = sourcecode.cpp.h; path = HappyNumber.hpp; sourceTree = "<group>"; };
		9D965FD92BE4EA9E00C2BB46 /* ContainsDuplicateII.hpp */ = {isa = PBXFileReference; lastKnownFileType = sourcecode.cpp.h; path = ContainsDuplicateII.hpp; sourceTree = "<group>"; };
		9D965FDC2BE4F0EF00C2BB46 /* SummaryRanges.hpp */ = {isa = PBXFileReference; lastKnownFileType = sourcecode.cpp.h; path = SummaryRanges.hpp; sourceTree = "<group>"; };
		9D965FE82BE8ED5900C2BB46 /* ValidParentheses.hpp */ = {isa = PBXFileReference; lastKnownFileType = sourcecode.cpp.h; path = ValidParentheses.hpp; sourceTree = "<group>"; };
		9D965FF72BEA268800C2BB46 /* LinkedListCycle.hpp */ = {isa = PBXFileReference; lastKnownFileType = sourcecode.cpp.h; path = LinkedListCycle.hpp; sourceTree = "<group>"; };
		9D965FFA2BEA26A900C2BB46 /* LinkedList.hpp */ = {isa = PBXFileReference; lastKnownFileType = sourcecode.cpp.h; path = LinkedList.hpp; sourceTree = "<group>"; };
		9D9747DC2C166FD80079BD22 /* InsertDeleteGetRandomO1.hpp */ = {isa = PBXFileReference; lastKnownFileType = sourcecode.cpp.h; path = InsertDeleteGetRandomO1.hpp; sourceTree = "<group>"; };
		9D9747DF2C16F7990079BD22 /* ProductOfArrayExceptSelf.hpp */ = {isa = PBXFileReference; lastKnownFileType = sourcecode.cpp.h; path = ProductOfArrayExceptSelf.hpp; sourceTree = "<group>"; };
		9D9747EB2C1AEDE70079BD22 /* GasStation.hpp */ = {isa = PBXFileReference; lastKnownFileType = sourcecode.cpp.h; path = GasStation.hpp; sourceTree = "<group>"; };
		9D975ACA2BBC047500B38A1E /* RemoveDuplicatesFromSortedArray.hpp */ = {isa = PBXFileReference; lastKnownFileType = sourcecode.cpp.h; path = RemoveDuplicatesFromSortedArray.hpp; sourceTree = "<group>"; };
		9D975B0C2BBD2D2500B38A1E /* MajorityElement.hpp */ = {isa = PBXFileReference; lastKnownFileType = sourcecode.cpp.h; path = MajorityElement.hpp; sourceTree = "<group>"; };
		9DA293CA2C12FDD6009CA968 /* JumpGameII.hpp */ = {isa = PBXFileReference; lastKnownFileType = sourcecode.cpp.h; path = JumpGameII.hpp; sourceTree = "<group>"; };
		9DA293CD2C130BAA009CA968 /* HIndex.hpp */ = {isa = PBXFileReference; lastKnownFileType = sourcecode.cpp.h; path = HIndex.hpp; sourceTree = "<group>"; };
		9DA31E5C2C09EA08001F92A0 /* RemoveDuplicatesFromSortedArrayII.hpp */ = {isa = PBXFileReference; lastKnownFileType = sourcecode.cpp.h; path = RemoveDuplicatesFromSortedArrayII.hpp; sourceTree = "<group>"; };
		9DAC02DE2BFC9FED00A5D3A0 /* BitManipulation.hpp */ = {isa = PBXFileReference; lastKnownFileType = sourcecode.cpp.h; path = BitManipulation.hpp; sourceTree = "<group>"; };
		9DAC02E12BFC9FFE00A5D3A0 /* ReverseBits.hpp */ = {isa = PBXFileReference; lastKnownFileType = sourcecode.cpp.h; path = ReverseBits.hpp; sourceTree = "<group>"; };
		9DAC365E2BB594F00070D4DE /* RemoveElement.hpp */ = {isa = PBXFileReference; lastKnownFileType = sourcecode.cpp.h; path = RemoveElement.hpp; sourceTree = "<group>"; };
		9DB8C3772AA5ECFD003B7C17 /* KthSmallestElementInABST.hpp */ = {isa = PBXFileReference; lastKnownFileType = sourcecode.cpp.h; path = KthSmallestElementInABST.hpp; sourceTree = "<group>"; };
		9DB8C38B2AA72B68003B7C17 /* UniqueBinarySearchTreesII.hpp */ = {isa = PBXFileReference; lastKnownFileType = sourcecode.cpp.h; path = UniqueBinarySearchTreesII.hpp; sourceTree = "<group>"; };
		9DB8C39F2AA868D5003B7C17 /* UniqueBinarySearchTrees.hpp */ = {isa = PBXFileReference; lastKnownFileType = sourcecode.cpp.h; path = UniqueBinarySearchTrees.hpp; sourceTree = "<group>"; };
		9DBDAA1D2BEB81CC00CC6232 /* MergeTwoSortedLists.hpp */ = {isa = PBXFileReference; lastKnownFileType = sourcecode.cpp.h; path = MergeTwoSortedLists.hpp; sourceTree = "<group>"; };
		9DBDAA2C2BECF4E800CC6232 /* MaximumDepthOfBinaryTree.hpp */ = {isa = PBXFileReference; lastKnownFileType = sourcecode.cpp.h; path = MaximumDepthOfBinaryTree.hpp; sourceTree = "<group>"; };
		9DC3D3A22AB9B7D200E58540 /* PopulatingNextRightPointersInEachNode.hpp */ = {isa = PBXFileReference; lastKnownFileType = sourcecode.cpp.h; path = PopulatingNextRightPointersInEachNode.hpp; sourceTree = "<group>"; };
		9DC3D3A52AB9C0E000E58540 /* PopulatingNextRightPointersInEachNodeII.hpp */ = {isa = PBXFileReference; lastKnownFileType = sourcecode.cpp.h; path = PopulatingNextRightPointersInEachNodeII.hpp; sourceTree = "<group>"; };
		9DC77AA12A9CB16900D4A5A9 /* SearchInA-BinarySearchTree.hpp */ = {isa = PBXFileReference; lastKnownFileType = sourcecode.cpp.h; path = "SearchInA-BinarySearchTree.hpp"; sourceTree = "<group>"; };
		9DC77AA42A9CB7C100D4A5A9 /* SymmetricTree.hpp */ = {isa = PBXFileReference; lastKnownFileType = sourcecode.cpp.h; path = SymmetricTree.hpp; sourceTree = "<group>"; };
		9DC77AA72A9CBB8500D4A5A9 /* BinaryTreeInorderTraversal.hpp */ = {isa = PBXFileReference; lastKnownFileType = sourcecode.cpp.h; path = BinaryTreeInorderTraversal.hpp; sourceTree = "<group>"; };
		9DC77AB82A9F236A00D4A5A9 /* MinimumDistanceBetweenBSTNodes.hpp */ = {isa = PBXFileReference; lastKnownFileType = sourcecode.cpp.h; path = MinimumDistanceBetweenBSTNodes.hpp; sourceTree = "<group>"; };
		9DC77ABB2A9F336E00D4A5A9 /* IncreasingOrderSearchTree.hpp */ = {isa = PBXFileReference; lastKnownFileType = sourcecode.cpp.h; path = IncreasingOrderSearchTree.hpp; sourceTree = "<group>"; };
		9DC77ABE2AA08A5800D4A5A9 /* UnivaluedBinaryTree.hpp */ = {isa = PBXFileReference; lastKnownFileType = sourcecode.cpp.h; path = UnivaluedBinaryTree.hpp; sourceTree = "<group>"; };
		9DC77AC12AA096F800D4A5A9 /* CousinsInBinaryTree.hpp */ = {isa = PBXFileReference; lastKnownFileType = sourcecode.cpp.h; path = CousinsInBinaryTree.hpp; sourceTree = "<group>"; };
		9DC77AC42AA0A47200D4A5A9 /* SumOfRootToLeafBinaryNumbers.hpp */ = {isa = PBXFileReference; lastKnownFileType = sourcecode.cpp.h; path = SumOfRootToLeafBinaryNumbers.hpp; sourceTree = "<group>"; };
		9DC77AC72AA1E81700D4A5A9 /* FindACorrespondingNodeOfABinaryTreeInACloneOfThatTree.hpp */ = {isa = PBXFileReference; lastKnownFileType = sourcecode.cpp.h; path = FindACorrespondingNodeOfABinaryTreeInACloneOfThatTree.hpp; sourceTree = "<group>"; };
		9DC77ACA2AA2025C00D4A5A9 /* RootEqualsSumOfChildren.hpp */ = {isa = PBXFileReference; lastKnownFileType = sourcecode.cpp.h; path = RootEqualsSumOfChildren.hpp; sourceTree = "<group>"; };
		9DC77ACD2AA20E0300D4A5A9 /* EvaluateBooleanBinaryTree.hpp */ = {isa = PBXFileReference; lastKnownFileType = sourcecode.cpp.h; path = EvaluateBooleanBinaryTree.hpp; sourceTree = "<group>"; };
		9DD40ABC2ABA4880007CE5AB /* SumRootToLeafNumbers.hpp */ = {isa = PBXFileReference; lastKnownFileType = sourcecode.cpp.h; path = SumRootToLeafNumbers.hpp; sourceTree = "<group>"; };
		9DD7B1962C29A4C0009BE800 /* 3Sum.hpp */ = {isa = PBXFileReference; lastKnownFileType = sourcecode.cpp.h; path = 3Sum.hpp; sourceTree = "<group>"; };
		9DDB3A002C0DB4CE0047F486 /* RotateArray.hpp */ = {isa = PBXFileReference; lastKnownFileType = sourcecode.cpp.h; path = RotateArray.hpp; sourceTree = "<group>"; };
		9DE1448E2C242EA00073C3D9 /* ContainerWithMostWater.hpp */ = {isa = PBXFileReference; lastKnownFileType = sourcecode.cpp.h; path = ContainerWithMostWater.hpp; sourceTree = "<group>"; };
		9DE918D32BFDEBDD00A743A4 /* AddBinary.hpp */ = {isa = PBXFileReference; lastKnownFileType = sourcecode.cpp.h; path = AddBinary.hpp; sourceTree = "<group>"; };
		9DE918FD2BFF2C5F00A743A4 /* SearchInsertPosition.hpp */ = {isa = PBXFileReference; lastKnownFileType = sourcecode.cpp.h; path = SearchInsertPosition.hpp; sourceTree = "<group>"; };
		9DE919082C00A3C600A743A4 /* ConvertSortedArrayToBinarySearchTree.hpp */ = {isa = PBXFileReference; lastKnownFileType = sourcecode.cpp.h; path = ConvertSortedArrayToBinarySearchTree.hpp; sourceTree = "<group>"; };
		9DF754022A7E1B1B00876AA7 /* LeetCode */ = {isa = PBXFileReference; explicitFileType = "compiled.mach-o.executable"; includeInIndex = 0; path = LeetCode; sourceTree = BUILT_PRODUCTS_DIR; };
		9DF754052A7E1B1B00876AA7 /* main.cpp */ = {isa = PBXFileReference; lastKnownFileType = sourcecode.cpp.cpp; path = main.cpp; sourceTree = "<group>"; };
		9DF7540E2A7E1C9000876AA7 /* TreeNode.hpp */ = {isa = PBXFileReference; lastKnownFileType = sourcecode.cpp.h; path = TreeNode.hpp; sourceTree = "<group>"; };
		9DF754132A7E1D2000876AA7 /* InvertBinaryTree.hpp */ = {isa = PBXFileReference; lastKnownFileType = sourcecode.cpp.h; path = InvertBinaryTree.hpp; sourceTree = "<group>"; };
		9DF754172A7E235400876AA7 /* Utils.hpp */ = {isa = PBXFileReference; lastKnownFileType = sourcecode.cpp.h; path = Utils.hpp; sourceTree = "<group>"; };
		9DF8C15F2C0F05D000082C16 /* BestTimeToBuyAndSellStockII.hpp */ = {isa = PBXFileReference; lastKnownFileType = sourcecode.cpp.h; path = BestTimeToBuyAndSellStockII.hpp; sourceTree = "<group>"; };
		9DF8C1682C106E2900082C16 /* JumpGame.hpp */ = {isa = PBXFileReference; lastKnownFileType = sourcecode.cpp.h; path = JumpGame.hpp; sourceTree = "<group>"; };
		9DFA4A412A93673D00E44DDC /* MergeTwoBinaryTrees.hpp */ = {isa = PBXFileReference; lastKnownFileType = sourcecode.cpp.h; path = MergeTwoBinaryTrees.hpp; sourceTree = "<group>"; };
/* End PBXFileReference section */

/* Begin PBXFrameworksBuildPhase section */
		9DF753FF2A7E1B1B00876AA7 /* Frameworks */ = {
			isa = PBXFrameworksBuildPhase;
			buildActionMask = 2147483647;
			files = (
			);
			runOnlyForDeploymentPostprocessing = 0;
		};
/* End PBXFrameworksBuildPhase section */

/* Begin PBXGroup section */
		9D09378D2A8F7FFF00B9A545 /* BinaryTree */ = {
			isa = PBXGroup;
			children = (
				9D09378F2A8F80A800B9A545 /* BinaryTree.hpp */,
				9DB8C3752AA5ECE7003B7C17 /* Medium */,
				9DF754112A7E1D0700876AA7 /* Easy */,
			);
			path = BinaryTree;
			sourceTree = "<group>";
		};
		9D15C9802BAC622E009610AF /* Math */ = {
			isa = PBXGroup;
			children = (
				9D15C9812BAC6249009610AF /* Easy */,
				9D15C9832BAC625F009610AF /* Math.hpp */,
			);
			path = Math;
			sourceTree = "<group>";
		};
		9D15C9812BAC6249009610AF /* Easy */ = {
			isa = PBXGroup;
			children = (
				9D15C97E2BAC6213009610AF /* Sqrt(x).hpp */,
				9D7FCC862BF4A5A6001EB1BF /* PalindromeNumber.hpp */,
				9D7FCCAD2BF743F8001EB1BF /* NumberOf1Bits.hpp */,
			);
			path = Easy;
			sourceTree = "<group>";
		};
		9D15C9852BAD8E1E009610AF /* Array */ = {
			isa = PBXGroup;
			children = (
				9DA31E5A2C09E9FA001F92A0 /* Medium */,
				9D15C9862BAD8E24009610AF /* Easy */,
				9D15C98C2BAD8FC9009610AF /* Arrays.hpp */,
			);
			path = Array;
			sourceTree = "<group>";
		};
		9D15C9862BAD8E24009610AF /* Easy */ = {
			isa = PBXGroup;
			children = (
				9D15C9882BAD8E3C009610AF /* MergeSortedArray.hpp */,
				9DAC365E2BB594F00070D4DE /* RemoveElement.hpp */,
				9D975ACA2BBC047500B38A1E /* RemoveDuplicatesFromSortedArray.hpp */,
				9D975B0C2BBD2D2500B38A1E /* MajorityElement.hpp */,
				9D365D7E2BC3EFC300B0CD22 /* BestTimeToBuyAndSellStock.hpp */,
				9D1DBB2B2BCFC7B700ACA5D7 /* LengthOfLastWord.hpp */,
				9D1DBB312BD1185500ACA5D7 /* LongestCommonPrefix.hpp */,
				9D1DBB452BD25C6D00ACA5D7 /* FindTheIndexOfTheFirstOccurrenceInAString.hpp */,
				9D1DBB512BD673B900ACA5D7 /* ValidPalindrome.hpp */,
				9D1DBBA32BD7BFCC00ACA5D7 /* RansomNote.hpp */,
				9D626C152BD96F450049991E /* IsomorphicStrings.hpp */,
				9D965F912BE1004700C2BB46 /* IsSubsequence.hpp */,
				9D965FAC2BE26EA100C2BB46 /* ValidAnagram.hpp */,
				9D965FCA2BE3C0EC00C2BB46 /* TwoSum.hpp */,
				9D965FDC2BE4F0EF00C2BB46 /* SummaryRanges.hpp */,
				9D965FE82BE8ED5900C2BB46 /* ValidParentheses.hpp */,
				9D937F172BF2019600018144 /* ClimbingStairs.hpp */,
				9D937F352BF343AC00018144 /* PlusOne.hpp */,
				9D7FCCA12BF61074001EB1BF /* SingleNumber.hpp */,
				9DE918D32BFDEBDD00A743A4 /* AddBinary.hpp */,
				9DE918FD2BFF2C5F00A743A4 /* SearchInsertPosition.hpp */,
			);
			path = Easy;
			sourceTree = "<group>";
		};
		9D1DBB1F2BCD4D8200ACA5D7 /* HashTable */ = {
			isa = PBXGroup;
			children = (
				9D1DBB202BCD4D8B00ACA5D7 /* Easy */,
				9D1DBB252BCD4DC600ACA5D7 /* HashTable.hpp */,
			);
			path = HashTable;
			sourceTree = "<group>";
		};
		9D1DBB202BCD4D8B00ACA5D7 /* Easy */ = {
			isa = PBXGroup;
			children = (
				9D1DBB222BCD4D9B00ACA5D7 /* RomanToInteger.hpp */,
				9D1EEEAC2BDAE14500098259 /* WordPattern.hpp */,
				9D965FCD2BE3CBD700C2BB46 /* HappyNumber.hpp */,
				9D965FD92BE4EA9E00C2BB46 /* ContainsDuplicateII.hpp */,
			);
			path = Easy;
			sourceTree = "<group>";
		};
		9D5CE3042C1C3A3C00D8BA78 /* Strings */ = {
			isa = PBXGroup;
			children = (
				9D5CE3082C1C3A5E00D8BA78 /* Medium */,
				9D5CE3062C1C3A4B00D8BA78 /* Strings.hpp */,
			);
			path = Strings;
			sourceTree = "<group>";
		};
		9D5CE3082C1C3A5E00D8BA78 /* Medium */ = {
			isa = PBXGroup;
			children = (
				9D5CE30A2C1C3A7200D8BA78 /* IntegerToRoman.hpp */,
				9D151FEC2C20455E00F7941E /* ReverseWordsInAString.hpp */,
				9D1520CE2C218B9400F7941E /* ZigzagConversion.hpp */,
			);
			path = Medium;
			sourceTree = "<group>";
		};
		9D965FF52BEA267600C2BB46 /* LinkedList */ = {
			isa = PBXGroup;
			children = (
				9D965FFC2BEA26B200C2BB46 /* Easy */,
				9D965FFA2BEA26A900C2BB46 /* LinkedList.hpp */,
			);
			path = LinkedList;
			sourceTree = "<group>";
		};
		9D965FFC2BEA26B200C2BB46 /* Easy */ = {
			isa = PBXGroup;
			children = (
				9D965FF72BEA268800C2BB46 /* LinkedListCycle.hpp */,
				9DBDAA1D2BEB81CC00CC6232 /* MergeTwoSortedLists.hpp */,
			);
			path = Easy;
			sourceTree = "<group>";
		};
		9DA31E5A2C09E9FA001F92A0 /* Medium */ = {
			isa = PBXGroup;
			children = (
				9DA31E5C2C09EA08001F92A0 /* RemoveDuplicatesFromSortedArrayII.hpp */,
				9DDB3A002C0DB4CE0047F486 /* RotateArray.hpp */,
				9DF8C15F2C0F05D000082C16 /* BestTimeToBuyAndSellStockII.hpp */,
				9DF8C1682C106E2900082C16 /* JumpGame.hpp */,
				9DA293CA2C12FDD6009CA968 /* JumpGameII.hpp */,
				9DA293CD2C130BAA009CA968 /* HIndex.hpp */,
				9D9747DC2C166FD80079BD22 /* InsertDeleteGetRandomO1.hpp */,
				9D9747DF2C16F7990079BD22 /* ProductOfArrayExceptSelf.hpp */,
				9D9747EB2C1AEDE70079BD22 /* GasStation.hpp */,
				9D1520D82C22ECC600F7941E /* TwoSumIIInputArrayIsSorted.hpp */,
				9DE1448E2C242EA00073C3D9 /* ContainerWithMostWater.hpp */,
				9DD7B1962C29A4C0009BE800 /* 3Sum.hpp */,
			);
			path = Medium;
			sourceTree = "<group>";
		};
		9DAC02DB2BFC9FC900A5D3A0 /* BitManipulation */ = {
			isa = PBXGroup;
			children = (
				9DAC02DE2BFC9FED00A5D3A0 /* BitManipulation.hpp */,
				9DAC02DC2BFC9FDE00A5D3A0 /* Easy */,
			);
			path = BitManipulation;
			sourceTree = "<group>";
		};
		9DAC02DC2BFC9FDE00A5D3A0 /* Easy */ = {
			isa = PBXGroup;
			children = (
				9DAC02E12BFC9FFE00A5D3A0 /* ReverseBits.hpp */,
			);
			path = Easy;
			sourceTree = "<group>";
		};
		9DB8C3752AA5ECE7003B7C17 /* Medium */ = {
			isa = PBXGroup;
			children = (
				9DB8C3772AA5ECFD003B7C17 /* KthSmallestElementInABST.hpp */,
				9DB8C38B2AA72B68003B7C17 /* UniqueBinarySearchTreesII.hpp */,
				9DB8C39F2AA868D5003B7C17 /* UniqueBinarySearchTrees.hpp */,
				9D93CA962AA9B6DB00991445 /* ValidateBinarySearchTree.hpp */,
				9D93CA992AA9C8FC00991445 /* RecoverBinarySearchTree.hpp */,
				9D618EFA2AAAFBF1002FF9B0 /* BinaryTreeLevelOrderTraversal.hpp */,
				9D618EFD2AAB03ED002FF9B0 /* BinaryTreeZigzagLevelOrderTraversal.hpp */,
				9D07CDAF2AAF2873004F929B /* ConstructBinaryTreeFromPreorderAndInorderTraversal.hpp */,
				9D07CDB52AAF3006004F929B /* ConstructBinaryTreeFromInorderAndPostorderTraversal.hpp */,
				9D317A652AB1A70000F629EB /* BinaryTreeLevelOrderTraversalII.hpp */,
				9D418AA62AB308220014DB1F /* ConvertSortedListToBinarySearchTree.hpp */,
				9D418AAC2AB44D450014DB1F /* PathSumII.hpp */,
				9D32D78C2AB87DED00D04446 /* FlattenBinaryTreeToLinkedList.hpp */,
				9DC3D3A22AB9B7D200E58540 /* PopulatingNextRightPointersInEachNode.hpp */,
				9DC3D3A52AB9C0E000E58540 /* PopulatingNextRightPointersInEachNodeII.hpp */,
				9DD40ABC2ABA4880007CE5AB /* SumRootToLeafNumbers.hpp */,
				9D1E2AD82ABED04E007A662F /* BinaryTreeRightSideView.hpp */,
				9D1E2ADB2ABED2FC007A662F /* BinarySearchTreeIterator.hpp */,
				9D1E2ADE2ABEDC85007A662F /* LowestCommonAncestorOfABinarySearchTree.hpp */,
				9D1E2AE12ABEE2D1007A662F /* LowestCommonAncestorOfABinaryTree.hpp */,
				9D1461112ACD51D200A8B72A /* VerifyPreorderSerializationOfABinaryTree.hpp */,
				9D215F482AD7F77700FBED32 /* PathSumIII.hpp */,
				9D215F4B2AD800F100FBED32 /* HouseRobberIII.hpp */,
			);
			path = Medium;
			sourceTree = "<group>";
		};
		9DF753F92A7E1B1B00876AA7 = {
			isa = PBXGroup;
			children = (
				9DF754042A7E1B1B00876AA7 /* LeetCode */,
				9DF754032A7E1B1B00876AA7 /* Products */,
			);
			sourceTree = "<group>";
		};
		9DF754032A7E1B1B00876AA7 /* Products */ = {
			isa = PBXGroup;
			children = (
				9DF754022A7E1B1B00876AA7 /* LeetCode */,
			);
			name = Products;
			sourceTree = "<group>";
		};
		9DF754042A7E1B1B00876AA7 /* LeetCode */ = {
			isa = PBXGroup;
			children = (
				9DF754102A7E1CFC00876AA7 /* Problems */,
				9DF7540C2A7E1C7A00876AA7 /* Utils */,
				9DF754052A7E1B1B00876AA7 /* main.cpp */,
			);
			path = LeetCode;
			sourceTree = "<group>";
		};
		9DF7540C2A7E1C7A00876AA7 /* Utils */ = {
			isa = PBXGroup;
			children = (
				9DF7540E2A7E1C9000876AA7 /* TreeNode.hpp */,
				9DF754172A7E235400876AA7 /* Utils.hpp */,
				9D418AA92AB3087D0014DB1F /* ListNode.hpp */,
			);
			path = Utils;
			sourceTree = "<group>";
		};
		9DF754102A7E1CFC00876AA7 /* Problems */ = {
			isa = PBXGroup;
			children = (
				9D5CE3042C1C3A3C00D8BA78 /* Strings */,
				9DAC02DB2BFC9FC900A5D3A0 /* BitManipulation */,
				9D965FF52BEA267600C2BB46 /* LinkedList */,
				9D1DBB1F2BCD4D8200ACA5D7 /* HashTable */,
				9D15C9852BAD8E1E009610AF /* Array */,
				9D15C9802BAC622E009610AF /* Math */,
				9D09378D2A8F7FFF00B9A545 /* BinaryTree */,
			);
			path = Problems;
			sourceTree = "<group>";
		};
		9DF754112A7E1D0700876AA7 /* Easy */ = {
			isa = PBXGroup;
			children = (
				9DF754132A7E1D2000876AA7 /* InvertBinaryTree.hpp */,
				9D110DFB2A822FD300535A57 /* BinaryTreePreorderTraversal.hpp */,
				9D110DFE2A823B9200535A57 /* BinaryTreePostorderTraversal.hpp */,
				9D110E112A84D4B500535A57 /* CountCompleteTreeNodes.hpp */,
				9D110E142A84E05A00535A57 /* SameTree.hpp */,
				9D110E252A863E9F00535A57 /* BinaryTreePaths.hpp */,
				9D110E282A8750BE00535A57 /* FindModeInBinarySearchTree.hpp */,
				9D110E2B2A87538100535A57 /* SumOfLeftLeaves.hpp */,
				9D110E2E2A8A265A00535A57 /* MinimumAbsoluteDifferenceInBST.hpp */,
				9D110E312A8A2DC000535A57 /* DiameterOfBinaryTree.hpp */,
				9D110E342A8B8F6900535A57 /* BinaryTreeTilt.hpp */,
				9D09377A2A8CF32900B9A545 /* SubtreeOfAnotherTree.hpp */,
				9D09378B2A8F7EEA00B9A545 /* ConstructStringFromBinaryTree.hpp */,
				9DFA4A412A93673D00E44DDC /* MergeTwoBinaryTrees.hpp */,
				9D6BF1252A950E940078805D /* AverageOfLevelsInBinaryTree.hpp */,
				9D6BF1282A95F2A40078805D /* TwoSumIV-InputIsA-BST.hpp */,
				9D6BF12B2A9766D80078805D /* SecondMinimumNodeInABinaryTree.hpp */,
				9DC77AA12A9CB16900D4A5A9 /* SearchInA-BinarySearchTree.hpp */,
				9DC77AA42A9CB7C100D4A5A9 /* SymmetricTree.hpp */,
				9DC77AA72A9CBB8500D4A5A9 /* BinaryTreeInorderTraversal.hpp */,
				9DC77AB82A9F236A00D4A5A9 /* MinimumDistanceBetweenBSTNodes.hpp */,
				9DC77ABB2A9F336E00D4A5A9 /* IncreasingOrderSearchTree.hpp */,
				9DC77ABE2AA08A5800D4A5A9 /* UnivaluedBinaryTree.hpp */,
				9DC77AC12AA096F800D4A5A9 /* CousinsInBinaryTree.hpp */,
				9DC77AC42AA0A47200D4A5A9 /* SumOfRootToLeafBinaryNumbers.hpp */,
				9DC77AC72AA1E81700D4A5A9 /* FindACorrespondingNodeOfABinaryTreeInACloneOfThatTree.hpp */,
				9DC77ACA2AA2025C00D4A5A9 /* RootEqualsSumOfChildren.hpp */,
				9DC77ACD2AA20E0300D4A5A9 /* EvaluateBooleanBinaryTree.hpp */,
				9DBDAA2C2BECF4E800CC6232 /* MaximumDepthOfBinaryTree.hpp */,
				9DE919082C00A3C600A743A4 /* ConvertSortedArrayToBinarySearchTree.hpp */,
			);
			path = Easy;
			sourceTree = "<group>";
		};
/* End PBXGroup section */

/* Begin PBXNativeTarget section */
		9DF754012A7E1B1B00876AA7 /* LeetCode */ = {
			isa = PBXNativeTarget;
			buildConfigurationList = 9DF754092A7E1B1B00876AA7 /* Build configuration list for PBXNativeTarget "LeetCode" */;
			buildPhases = (
				9DF753FE2A7E1B1B00876AA7 /* Sources */,
				9DF753FF2A7E1B1B00876AA7 /* Frameworks */,
				9DF754002A7E1B1B00876AA7 /* CopyFiles */,
			);
			buildRules = (
			);
			dependencies = (
			);
			name = LeetCode;
			productName = LeetCode;
			productReference = 9DF754022A7E1B1B00876AA7 /* LeetCode */;
			productType = "com.apple.product-type.tool";
		};
/* End PBXNativeTarget section */

/* Begin PBXProject section */
		9DF753FA2A7E1B1B00876AA7 /* Project object */ = {
			isa = PBXProject;
			attributes = {
				BuildIndependentTargetsInParallel = 1;
				LastUpgradeCheck = 1530;
				TargetAttributes = {
					9DF754012A7E1B1B00876AA7 = {
						CreatedOnToolsVersion = 14.3.1;
					};
				};
			};
			buildConfigurationList = 9DF753FD2A7E1B1B00876AA7 /* Build configuration list for PBXProject "LeetCode" */;
			compatibilityVersion = "Xcode 14.0";
			developmentRegion = en;
			hasScannedForEncodings = 0;
			knownRegions = (
				en,
				Base,
			);
			mainGroup = 9DF753F92A7E1B1B00876AA7;
			productRefGroup = 9DF754032A7E1B1B00876AA7 /* Products */;
			projectDirPath = "";
			projectRoot = "";
			targets = (
				9DF754012A7E1B1B00876AA7 /* LeetCode */,
			);
		};
/* End PBXProject section */

/* Begin PBXSourcesBuildPhase section */
		9DF753FE2A7E1B1B00876AA7 /* Sources */ = {
			isa = PBXSourcesBuildPhase;
			buildActionMask = 2147483647;
			files = (
				9DF754062A7E1B1B00876AA7 /* main.cpp in Sources */,
			);
			runOnlyForDeploymentPostprocessing = 0;
		};
/* End PBXSourcesBuildPhase section */

/* Begin XCBuildConfiguration section */
		9DF754072A7E1B1B00876AA7 /* Debug */ = {
			isa = XCBuildConfiguration;
			buildSettings = {
				ALWAYS_SEARCH_USER_PATHS = NO;
				CLANG_ANALYZER_NONNULL = YES;
				CLANG_ANALYZER_NUMBER_OBJECT_CONVERSION = YES_AGGRESSIVE;
				CLANG_CXX_LANGUAGE_STANDARD = "gnu++20";
				CLANG_ENABLE_MODULES = YES;
				CLANG_ENABLE_OBJC_ARC = YES;
				CLANG_ENABLE_OBJC_WEAK = YES;
				CLANG_WARN_BLOCK_CAPTURE_AUTORELEASING = YES;
				CLANG_WARN_BOOL_CONVERSION = YES;
				CLANG_WARN_COMMA = YES;
				CLANG_WARN_CONSTANT_CONVERSION = YES;
				CLANG_WARN_DEPRECATED_OBJC_IMPLEMENTATIONS = YES;
				CLANG_WARN_DIRECT_OBJC_ISA_USAGE = YES_ERROR;
				CLANG_WARN_DOCUMENTATION_COMMENTS = YES;
				CLANG_WARN_EMPTY_BODY = YES;
				CLANG_WARN_ENUM_CONVERSION = YES;
				CLANG_WARN_INFINITE_RECURSION = YES;
				CLANG_WARN_INT_CONVERSION = YES;
				CLANG_WARN_NON_LITERAL_NULL_CONVERSION = YES;
				CLANG_WARN_OBJC_IMPLICIT_RETAIN_SELF = YES;
				CLANG_WARN_OBJC_LITERAL_CONVERSION = YES;
				CLANG_WARN_OBJC_ROOT_CLASS = YES_ERROR;
				CLANG_WARN_QUOTED_INCLUDE_IN_FRAMEWORK_HEADER = YES;
				CLANG_WARN_RANGE_LOOP_ANALYSIS = YES;
				CLANG_WARN_STRICT_PROTOTYPES = YES;
				CLANG_WARN_SUSPICIOUS_MOVE = YES;
				CLANG_WARN_UNGUARDED_AVAILABILITY = YES_AGGRESSIVE;
				CLANG_WARN_UNREACHABLE_CODE = YES;
				CLANG_WARN__DUPLICATE_METHOD_MATCH = YES;
				COPY_PHASE_STRIP = NO;
				DEBUG_INFORMATION_FORMAT = dwarf;
				ENABLE_STRICT_OBJC_MSGSEND = YES;
				ENABLE_TESTABILITY = YES;
				GCC_C_LANGUAGE_STANDARD = gnu11;
				GCC_DYNAMIC_NO_PIC = NO;
				GCC_NO_COMMON_BLOCKS = YES;
				GCC_OPTIMIZATION_LEVEL = 0;
				GCC_PREPROCESSOR_DEFINITIONS = (
					"DEBUG=1",
					"$(inherited)",
				);
				GCC_WARN_64_TO_32_BIT_CONVERSION = YES;
				GCC_WARN_ABOUT_RETURN_TYPE = YES_ERROR;
				GCC_WARN_UNDECLARED_SELECTOR = YES;
				GCC_WARN_UNINITIALIZED_AUTOS = YES_AGGRESSIVE;
				GCC_WARN_UNUSED_FUNCTION = YES;
				GCC_WARN_UNUSED_VARIABLE = YES;
				MACOSX_DEPLOYMENT_TARGET = 14.3;
				MTL_ENABLE_DEBUG_INFO = INCLUDE_SOURCE;
				MTL_FAST_MATH = YES;
				ONLY_ACTIVE_ARCH = YES;
				SDKROOT = macosx;
			};
			name = Debug;
		};
		9DF754082A7E1B1B00876AA7 /* Release */ = {
			isa = XCBuildConfiguration;
			buildSettings = {
				ALWAYS_SEARCH_USER_PATHS = NO;
				CLANG_ANALYZER_NONNULL = YES;
				CLANG_ANALYZER_NUMBER_OBJECT_CONVERSION = YES_AGGRESSIVE;
				CLANG_CXX_LANGUAGE_STANDARD = "gnu++20";
				CLANG_ENABLE_MODULES = YES;
				CLANG_ENABLE_OBJC_ARC = YES;
				CLANG_ENABLE_OBJC_WEAK = YES;
				CLANG_WARN_BLOCK_CAPTURE_AUTORELEASING = YES;
				CLANG_WARN_BOOL_CONVERSION = YES;
				CLANG_WARN_COMMA = YES;
				CLANG_WARN_CONSTANT_CONVERSION = YES;
				CLANG_WARN_DEPRECATED_OBJC_IMPLEMENTATIONS = YES;
				CLANG_WARN_DIRECT_OBJC_ISA_USAGE = YES_ERROR;
				CLANG_WARN_DOCUMENTATION_COMMENTS = YES;
				CLANG_WARN_EMPTY_BODY = YES;
				CLANG_WARN_ENUM_CONVERSION = YES;
				CLANG_WARN_INFINITE_RECURSION = YES;
				CLANG_WARN_INT_CONVERSION = YES;
				CLANG_WARN_NON_LITERAL_NULL_CONVERSION = YES;
				CLANG_WARN_OBJC_IMPLICIT_RETAIN_SELF = YES;
				CLANG_WARN_OBJC_LITERAL_CONVERSION = YES;
				CLANG_WARN_OBJC_ROOT_CLASS = YES_ERROR;
				CLANG_WARN_QUOTED_INCLUDE_IN_FRAMEWORK_HEADER = YES;
				CLANG_WARN_RANGE_LOOP_ANALYSIS = YES;
				CLANG_WARN_STRICT_PROTOTYPES = YES;
				CLANG_WARN_SUSPICIOUS_MOVE = YES;
				CLANG_WARN_UNGUARDED_AVAILABILITY = YES_AGGRESSIVE;
				CLANG_WARN_UNREACHABLE_CODE = YES;
				CLANG_WARN__DUPLICATE_METHOD_MATCH = YES;
				COPY_PHASE_STRIP = NO;
				DEBUG_INFORMATION_FORMAT = "dwarf-with-dsym";
				ENABLE_NS_ASSERTIONS = NO;
				ENABLE_STRICT_OBJC_MSGSEND = YES;
				GCC_C_LANGUAGE_STANDARD = gnu11;
				GCC_NO_COMMON_BLOCKS = YES;
				GCC_WARN_64_TO_32_BIT_CONVERSION = YES;
				GCC_WARN_ABOUT_RETURN_TYPE = YES_ERROR;
				GCC_WARN_UNDECLARED_SELECTOR = YES;
				GCC_WARN_UNINITIALIZED_AUTOS = YES_AGGRESSIVE;
				GCC_WARN_UNUSED_FUNCTION = YES;
				GCC_WARN_UNUSED_VARIABLE = YES;
				MACOSX_DEPLOYMENT_TARGET = 14.3;
				MTL_ENABLE_DEBUG_INFO = NO;
				MTL_FAST_MATH = YES;
				SDKROOT = macosx;
			};
			name = Release;
		};
		9DF7540A2A7E1B1B00876AA7 /* Debug */ = {
			isa = XCBuildConfiguration;
			buildSettings = {
				CODE_SIGN_STYLE = Automatic;
				DEVELOPMENT_TEAM = HGA6WJP36F;
				ENABLE_HARDENED_RUNTIME = YES;
				GCC_OPTIMIZATION_LEVEL = s;
				PRODUCT_NAME = "$(TARGET_NAME)";
			};
			name = Debug;
		};
		9DF7540B2A7E1B1B00876AA7 /* Release */ = {
			isa = XCBuildConfiguration;
			buildSettings = {
				CODE_SIGN_STYLE = Automatic;
				DEVELOPMENT_TEAM = HGA6WJP36F;
				ENABLE_HARDENED_RUNTIME = YES;
				PRODUCT_NAME = "$(TARGET_NAME)";
			};
			name = Release;
		};
/* End XCBuildConfiguration section */

/* Begin XCConfigurationList section */
		9DF753FD2A7E1B1B00876AA7 /* Build configuration list for PBXProject "LeetCode" */ = {
			isa = XCConfigurationList;
			buildConfigurations = (
				9DF754072A7E1B1B00876AA7 /* Debug */,
				9DF754082A7E1B1B00876AA7 /* Release */,
			);
			defaultConfigurationIsVisible = 0;
			defaultConfigurationName = Release;
		};
		9DF754092A7E1B1B00876AA7 /* Build configuration list for PBXNativeTarget "LeetCode" */ = {
			isa = XCConfigurationList;
			buildConfigurations = (
				9DF7540A2A7E1B1B00876AA7 /* Debug */,
				9DF7540B2A7E1B1B00876AA7 /* Release */,
			);
			defaultConfigurationIsVisible = 0;
			defaultConfigurationName = Release;
		};
/* End XCConfigurationList section */
	};
	rootObject = 9DF753FA2A7E1B1B00876AA7 /* Project object */;
}
