// !$*UTF8*$!
{
	archiveVersion = 1;
	classes = {
	};
	objectVersion = 56;
	objects = {

/* Begin PBXBuildFile section */
		9DF754062A7E1B1B00876AA7 /* main.cpp in Sources */ = {isa = PBXBuildFile; fileRef = 9DF754052A7E1B1B00876AA7 /* main.cpp */; };
/* End PBXBuildFile section */

/* Begin PBXCopyFilesBuildPhase section */
		9DF754002A7E1B1B00876AA7 /* CopyFiles */ = {
			isa = PBXCopyFilesBuildPhase;
			buildActionMask = 2147483647;
			dstPath = /usr/share/man/man1/;
			dstSubfolderSpec = 0;
			files = (
			);
			runOnlyForDeploymentPostprocessing = 1;
		};
/* End PBXCopyFilesBuildPhase section */

/* Begin PBXFileReference section */
		9D09377A2A8CF32900B9A545 /* SubtreeOfAnotherTree.hpp */ = {isa = PBXFileReference; lastKnownFileType = sourcecode.cpp.h; path = SubtreeOfAnotherTree.hpp; sourceTree = "<group>"; };
		9D09378B2A8F7EEA00B9A545 /* ConstructStringFromBinaryTree.hpp */ = {isa = PBXFileReference; lastKnownFileType = sourcecode.cpp.h; path = ConstructStringFromBinaryTree.hpp; sourceTree = "<group>"; };
		9D09378F2A8F80A800B9A545 /* BinaryTree.hpp */ = {isa = PBXFileReference; lastKnownFileType = sourcecode.cpp.h; path = BinaryTree.hpp; sourceTree = "<group>"; };
		9D110DFB2A822FD300535A57 /* BinaryTreePreorderTraversal.hpp */ = {isa = PBXFileReference; lastKnownFileType = sourcecode.cpp.h; path = BinaryTreePreorderTraversal.hpp; sourceTree = "<group>"; };
		9D110DFE2A823B9200535A57 /* BinaryTreePostorderTraversal.hpp */ = {isa = PBXFileReference; lastKnownFileType = sourcecode.cpp.h; path = BinaryTreePostorderTraversal.hpp; sourceTree = "<group>"; };
		9D110E112A84D4B500535A57 /* CountCompleteTreeNodes.hpp */ = {isa = PBXFileReference; lastKnownFileType = sourcecode.cpp.h; path = CountCompleteTreeNodes.hpp; sourceTree = "<group>"; };
		9D110E142A84E05A00535A57 /* SameTree.hpp */ = {isa = PBXFileReference; lastKnownFileType = sourcecode.cpp.h; path = SameTree.hpp; sourceTree = "<group>"; };
		9D110E252A863E9F00535A57 /* BinaryTreePaths.hpp */ = {isa = PBXFileReference; lastKnownFileType = sourcecode.cpp.h; path = BinaryTreePaths.hpp; sourceTree = "<group>"; };
		9D110E282A8750BE00535A57 /* FindModeInBinarySearchTree.hpp */ = {isa = PBXFileReference; lastKnownFileType = sourcecode.cpp.h; path = FindModeInBinarySearchTree.hpp; sourceTree = "<group>"; };
		9D110E2B2A87538100535A57 /* SumOfLeftLeaves.hpp */ = {isa = PBXFileReference; lastKnownFileType = sourcecode.cpp.h; path = SumOfLeftLeaves.hpp; sourceTree = "<group>"; };
		9D110E2E2A8A265A00535A57 /* MinimumAbsoluteDifferenceInBST.hpp */ = {isa = PBXFileReference; lastKnownFileType = sourcecode.cpp.h; path = MinimumAbsoluteDifferenceInBST.hpp; sourceTree = "<group>"; };
		9D110E312A8A2DC000535A57 /* DiameterOfBinaryTree.hpp */ = {isa = PBXFileReference; lastKnownFileType = sourcecode.cpp.h; path = DiameterOfBinaryTree.hpp; sourceTree = "<group>"; };
		9D110E342A8B8F6900535A57 /* BinaryTreeTilt.hpp */ = {isa = PBXFileReference; lastKnownFileType = sourcecode.cpp.h; path = BinaryTreeTilt.hpp; sourceTree = "<group>"; };
		9D6BF1252A950E940078805D /* AverageOfLevelsInBinaryTree.hpp */ = {isa = PBXFileReference; lastKnownFileType = sourcecode.cpp.h; path = AverageOfLevelsInBinaryTree.hpp; sourceTree = "<group>"; };
		9D6BF1282A95F2A40078805D /* TwoSumIV-InputIsA-BST.hpp */ = {isa = PBXFileReference; lastKnownFileType = sourcecode.cpp.h; path = "TwoSumIV-InputIsA-BST.hpp"; sourceTree = "<group>"; };
		9D6BF12B2A9766D80078805D /* SecondMinimumNodeInABinaryTree.hpp */ = {isa = PBXFileReference; lastKnownFileType = sourcecode.cpp.h; path = SecondMinimumNodeInABinaryTree.hpp; sourceTree = "<group>"; };
		9DB8C3772AA5ECFD003B7C17 /* KthSmallestElementInABST.hpp */ = {isa = PBXFileReference; lastKnownFileType = sourcecode.cpp.h; path = KthSmallestElementInABST.hpp; sourceTree = "<group>"; };
		9DB8C38B2AA72B68003B7C17 /* UniqueBinarySearchTreesII.hpp */ = {isa = PBXFileReference; lastKnownFileType = sourcecode.cpp.h; path = UniqueBinarySearchTreesII.hpp; sourceTree = "<group>"; };
		9DC77AA12A9CB16900D4A5A9 /* SearchInA-BinarySearchTree.hpp */ = {isa = PBXFileReference; lastKnownFileType = sourcecode.cpp.h; path = "SearchInA-BinarySearchTree.hpp"; sourceTree = "<group>"; };
		9DC77AA42A9CB7C100D4A5A9 /* SymmetricTree.hpp */ = {isa = PBXFileReference; lastKnownFileType = sourcecode.cpp.h; path = SymmetricTree.hpp; sourceTree = "<group>"; };
		9DC77AA72A9CBB8500D4A5A9 /* BinaryTreeInorderTraversal.hpp */ = {isa = PBXFileReference; lastKnownFileType = sourcecode.cpp.h; path = BinaryTreeInorderTraversal.hpp; sourceTree = "<group>"; };
		9DC77AB82A9F236A00D4A5A9 /* MinimumDistanceBetweenBSTNodes.hpp */ = {isa = PBXFileReference; lastKnownFileType = sourcecode.cpp.h; path = MinimumDistanceBetweenBSTNodes.hpp; sourceTree = "<group>"; };
		9DC77ABB2A9F336E00D4A5A9 /* IncreasingOrderSearchTree.hpp */ = {isa = PBXFileReference; lastKnownFileType = sourcecode.cpp.h; path = IncreasingOrderSearchTree.hpp; sourceTree = "<group>"; };
		9DC77ABE2AA08A5800D4A5A9 /* UnivaluedBinaryTree.hpp */ = {isa = PBXFileReference; lastKnownFileType = sourcecode.cpp.h; path = UnivaluedBinaryTree.hpp; sourceTree = "<group>"; };
		9DC77AC12AA096F800D4A5A9 /* CousinsInBinaryTree.hpp */ = {isa = PBXFileReference; lastKnownFileType = sourcecode.cpp.h; path = CousinsInBinaryTree.hpp; sourceTree = "<group>"; };
		9DC77AC42AA0A47200D4A5A9 /* SumOfRootToLeafBinaryNumbers.hpp */ = {isa = PBXFileReference; lastKnownFileType = sourcecode.cpp.h; path = SumOfRootToLeafBinaryNumbers.hpp; sourceTree = "<group>"; };
		9DC77AC72AA1E81700D4A5A9 /* FindACorrespondingNodeOfABinaryTreeInACloneOfThatTree.hpp */ = {isa = PBXFileReference; lastKnownFileType = sourcecode.cpp.h; path = FindACorrespondingNodeOfABinaryTreeInACloneOfThatTree.hpp; sourceTree = "<group>"; };
		9DC77ACA2AA2025C00D4A5A9 /* RootEqualsSumOfChildren.hpp */ = {isa = PBXFileReference; lastKnownFileType = sourcecode.cpp.h; path = RootEqualsSumOfChildren.hpp; sourceTree = "<group>"; };
		9DC77ACD2AA20E0300D4A5A9 /* EvaluateBooleanBinaryTree.hpp */ = {isa = PBXFileReference; lastKnownFileType = sourcecode.cpp.h; path = EvaluateBooleanBinaryTree.hpp; sourceTree = "<group>"; };
		9DF754022A7E1B1B00876AA7 /* LeetCode */ = {isa = PBXFileReference; explicitFileType = "compiled.mach-o.executable"; includeInIndex = 0; path = LeetCode; sourceTree = BUILT_PRODUCTS_DIR; };
		9DF754052A7E1B1B00876AA7 /* main.cpp */ = {isa = PBXFileReference; lastKnownFileType = sourcecode.cpp.cpp; path = main.cpp; sourceTree = "<group>"; };
		9DF7540E2A7E1C9000876AA7 /* TreeNode.hpp */ = {isa = PBXFileReference; lastKnownFileType = sourcecode.cpp.h; path = TreeNode.hpp; sourceTree = "<group>"; };
		9DF754132A7E1D2000876AA7 /* InvertBinaryTree.hpp */ = {isa = PBXFileReference; lastKnownFileType = sourcecode.cpp.h; path = InvertBinaryTree.hpp; sourceTree = "<group>"; };
		9DF754172A7E235400876AA7 /* Utils.hpp */ = {isa = PBXFileReference; lastKnownFileType = sourcecode.cpp.h; path = Utils.hpp; sourceTree = "<group>"; };
		9DFA4A412A93673D00E44DDC /* MergeTwoBinaryTrees.hpp */ = {isa = PBXFileReference; lastKnownFileType = sourcecode.cpp.h; path = MergeTwoBinaryTrees.hpp; sourceTree = "<group>"; };
/* End PBXFileReference section */

/* Begin PBXFrameworksBuildPhase section */
		9DF753FF2A7E1B1B00876AA7 /* Frameworks */ = {
			isa = PBXFrameworksBuildPhase;
			buildActionMask = 2147483647;
			files = (
			);
			runOnlyForDeploymentPostprocessing = 0;
		};
/* End PBXFrameworksBuildPhase section */

/* Begin PBXGroup section */
		9D09378D2A8F7FFF00B9A545 /* BinaryTree */ = {
			isa = PBXGroup;
			children = (
				9D09378F2A8F80A800B9A545 /* BinaryTree.hpp */,
				9DB8C3752AA5ECE7003B7C17 /* Medium */,
				9DF754112A7E1D0700876AA7 /* Easy */,
			);
			path = BinaryTree;
			sourceTree = "<group>";
		};
		9DB8C3752AA5ECE7003B7C17 /* Medium */ = {
			isa = PBXGroup;
			children = (
				9DB8C3772AA5ECFD003B7C17 /* KthSmallestElementInABST.hpp */,
				9DB8C38B2AA72B68003B7C17 /* UniqueBinarySearchTreesII.hpp */,
			);
			path = Medium;
			sourceTree = "<group>";
		};
		9DF753F92A7E1B1B00876AA7 = {
			isa = PBXGroup;
			children = (
				9DF754042A7E1B1B00876AA7 /* LeetCode */,
				9DF754032A7E1B1B00876AA7 /* Products */,
			);
			sourceTree = "<group>";
		};
		9DF754032A7E1B1B00876AA7 /* Products */ = {
			isa = PBXGroup;
			children = (
				9DF754022A7E1B1B00876AA7 /* LeetCode */,
			);
			name = Products;
			sourceTree = "<group>";
		};
		9DF754042A7E1B1B00876AA7 /* LeetCode */ = {
			isa = PBXGroup;
			children = (
				9DF754102A7E1CFC00876AA7 /* Problems */,
				9DF7540C2A7E1C7A00876AA7 /* Utils */,
				9DF754052A7E1B1B00876AA7 /* main.cpp */,
			);
			path = LeetCode;
			sourceTree = "<group>";
		};
		9DF7540C2A7E1C7A00876AA7 /* Utils */ = {
			isa = PBXGroup;
			children = (
				9DF7540E2A7E1C9000876AA7 /* TreeNode.hpp */,
				9DF754172A7E235400876AA7 /* Utils.hpp */,
			);
			path = Utils;
			sourceTree = "<group>";
		};
		9DF754102A7E1CFC00876AA7 /* Problems */ = {
			isa = PBXGroup;
			children = (
				9D09378D2A8F7FFF00B9A545 /* BinaryTree */,
			);
			path = Problems;
			sourceTree = "<group>";
		};
		9DF754112A7E1D0700876AA7 /* Easy */ = {
			isa = PBXGroup;
			children = (
				9DF754132A7E1D2000876AA7 /* InvertBinaryTree.hpp */,
				9D110DFB2A822FD300535A57 /* BinaryTreePreorderTraversal.hpp */,
				9D110DFE2A823B9200535A57 /* BinaryTreePostorderTraversal.hpp */,
				9D110E112A84D4B500535A57 /* CountCompleteTreeNodes.hpp */,
				9D110E142A84E05A00535A57 /* SameTree.hpp */,
				9D110E252A863E9F00535A57 /* BinaryTreePaths.hpp */,
				9D110E282A8750BE00535A57 /* FindModeInBinarySearchTree.hpp */,
				9D110E2B2A87538100535A57 /* SumOfLeftLeaves.hpp */,
				9D110E2E2A8A265A00535A57 /* MinimumAbsoluteDifferenceInBST.hpp */,
				9D110E312A8A2DC000535A57 /* DiameterOfBinaryTree.hpp */,
				9D110E342A8B8F6900535A57 /* BinaryTreeTilt.hpp */,
				9D09377A2A8CF32900B9A545 /* SubtreeOfAnotherTree.hpp */,
				9D09378B2A8F7EEA00B9A545 /* ConstructStringFromBinaryTree.hpp */,
				9DFA4A412A93673D00E44DDC /* MergeTwoBinaryTrees.hpp */,
				9D6BF1252A950E940078805D /* AverageOfLevelsInBinaryTree.hpp */,
				9D6BF1282A95F2A40078805D /* TwoSumIV-InputIsA-BST.hpp */,
				9D6BF12B2A9766D80078805D /* SecondMinimumNodeInABinaryTree.hpp */,
				9DC77AA12A9CB16900D4A5A9 /* SearchInA-BinarySearchTree.hpp */,
				9DC77AA42A9CB7C100D4A5A9 /* SymmetricTree.hpp */,
				9DC77AA72A9CBB8500D4A5A9 /* BinaryTreeInorderTraversal.hpp */,
				9DC77AB82A9F236A00D4A5A9 /* MinimumDistanceBetweenBSTNodes.hpp */,
				9DC77ABB2A9F336E00D4A5A9 /* IncreasingOrderSearchTree.hpp */,
				9DC77ABE2AA08A5800D4A5A9 /* UnivaluedBinaryTree.hpp */,
				9DC77AC12AA096F800D4A5A9 /* CousinsInBinaryTree.hpp */,
				9DC77AC42AA0A47200D4A5A9 /* SumOfRootToLeafBinaryNumbers.hpp */,
				9DC77AC72AA1E81700D4A5A9 /* FindACorrespondingNodeOfABinaryTreeInACloneOfThatTree.hpp */,
				9DC77ACA2AA2025C00D4A5A9 /* RootEqualsSumOfChildren.hpp */,
				9DC77ACD2AA20E0300D4A5A9 /* EvaluateBooleanBinaryTree.hpp */,
			);
			path = Easy;
			sourceTree = "<group>";
		};
/* End PBXGroup section */

/* Begin PBXNativeTarget section */
		9DF754012A7E1B1B00876AA7 /* LeetCode */ = {
			isa = PBXNativeTarget;
			buildConfigurationList = 9DF754092A7E1B1B00876AA7 /* Build configuration list for PBXNativeTarget "LeetCode" */;
			buildPhases = (
				9DF753FE2A7E1B1B00876AA7 /* Sources */,
				9DF753FF2A7E1B1B00876AA7 /* Frameworks */,
				9DF754002A7E1B1B00876AA7 /* CopyFiles */,
			);
			buildRules = (
			);
			dependencies = (
			);
			name = LeetCode;
			productName = LeetCode;
			productReference = 9DF754022A7E1B1B00876AA7 /* LeetCode */;
			productType = "com.apple.product-type.tool";
		};
/* End PBXNativeTarget section */

/* Begin PBXProject section */
		9DF753FA2A7E1B1B00876AA7 /* Project object */ = {
			isa = PBXProject;
			attributes = {
				BuildIndependentTargetsInParallel = 1;
				LastUpgradeCheck = 1430;
				TargetAttributes = {
					9DF754012A7E1B1B00876AA7 = {
						CreatedOnToolsVersion = 14.3.1;
					};
				};
			};
			buildConfigurationList = 9DF753FD2A7E1B1B00876AA7 /* Build configuration list for PBXProject "LeetCode" */;
			compatibilityVersion = "Xcode 14.0";
			developmentRegion = en;
			hasScannedForEncodings = 0;
			knownRegions = (
				en,
				Base,
			);
			mainGroup = 9DF753F92A7E1B1B00876AA7;
			productRefGroup = 9DF754032A7E1B1B00876AA7 /* Products */;
			projectDirPath = "";
			projectRoot = "";
			targets = (
				9DF754012A7E1B1B00876AA7 /* LeetCode */,
			);
		};
/* End PBXProject section */

/* Begin PBXSourcesBuildPhase section */
		9DF753FE2A7E1B1B00876AA7 /* Sources */ = {
			isa = PBXSourcesBuildPhase;
			buildActionMask = 2147483647;
			files = (
				9DF754062A7E1B1B00876AA7 /* main.cpp in Sources */,
			);
			runOnlyForDeploymentPostprocessing = 0;
		};
/* End PBXSourcesBuildPhase section */

/* Begin XCBuildConfiguration section */
		9DF754072A7E1B1B00876AA7 /* Debug */ = {
			isa = XCBuildConfiguration;
			buildSettings = {
				ALWAYS_SEARCH_USER_PATHS = NO;
				CLANG_ANALYZER_NONNULL = YES;
				CLANG_ANALYZER_NUMBER_OBJECT_CONVERSION = YES_AGGRESSIVE;
				CLANG_CXX_LANGUAGE_STANDARD = "gnu++20";
				CLANG_ENABLE_MODULES = YES;
				CLANG_ENABLE_OBJC_ARC = YES;
				CLANG_ENABLE_OBJC_WEAK = YES;
				CLANG_WARN_BLOCK_CAPTURE_AUTORELEASING = YES;
				CLANG_WARN_BOOL_CONVERSION = YES;
				CLANG_WARN_COMMA = YES;
				CLANG_WARN_CONSTANT_CONVERSION = YES;
				CLANG_WARN_DEPRECATED_OBJC_IMPLEMENTATIONS = YES;
				CLANG_WARN_DIRECT_OBJC_ISA_USAGE = YES_ERROR;
				CLANG_WARN_DOCUMENTATION_COMMENTS = YES;
				CLANG_WARN_EMPTY_BODY = YES;
				CLANG_WARN_ENUM_CONVERSION = YES;
				CLANG_WARN_INFINITE_RECURSION = YES;
				CLANG_WARN_INT_CONVERSION = YES;
				CLANG_WARN_NON_LITERAL_NULL_CONVERSION = YES;
				CLANG_WARN_OBJC_IMPLICIT_RETAIN_SELF = YES;
				CLANG_WARN_OBJC_LITERAL_CONVERSION = YES;
				CLANG_WARN_OBJC_ROOT_CLASS = YES_ERROR;
				CLANG_WARN_QUOTED_INCLUDE_IN_FRAMEWORK_HEADER = YES;
				CLANG_WARN_RANGE_LOOP_ANALYSIS = YES;
				CLANG_WARN_STRICT_PROTOTYPES = YES;
				CLANG_WARN_SUSPICIOUS_MOVE = YES;
				CLANG_WARN_UNGUARDED_AVAILABILITY = YES_AGGRESSIVE;
				CLANG_WARN_UNREACHABLE_CODE = YES;
				CLANG_WARN__DUPLICATE_METHOD_MATCH = YES;
				COPY_PHASE_STRIP = NO;
				DEBUG_INFORMATION_FORMAT = dwarf;
				ENABLE_STRICT_OBJC_MSGSEND = YES;
				ENABLE_TESTABILITY = YES;
				GCC_C_LANGUAGE_STANDARD = gnu11;
				GCC_DYNAMIC_NO_PIC = NO;
				GCC_NO_COMMON_BLOCKS = YES;
				GCC_OPTIMIZATION_LEVEL = 0;
				GCC_PREPROCESSOR_DEFINITIONS = (
					"DEBUG=1",
					"$(inherited)",
				);
				GCC_WARN_64_TO_32_BIT_CONVERSION = YES;
				GCC_WARN_ABOUT_RETURN_TYPE = YES_ERROR;
				GCC_WARN_UNDECLARED_SELECTOR = YES;
				GCC_WARN_UNINITIALIZED_AUTOS = YES_AGGRESSIVE;
				GCC_WARN_UNUSED_FUNCTION = YES;
				GCC_WARN_UNUSED_VARIABLE = YES;
				MACOSX_DEPLOYMENT_TARGET = 13.3;
				MTL_ENABLE_DEBUG_INFO = INCLUDE_SOURCE;
				MTL_FAST_MATH = YES;
				ONLY_ACTIVE_ARCH = YES;
				SDKROOT = macosx;
			};
			name = Debug;
		};
		9DF754082A7E1B1B00876AA7 /* Release */ = {
			isa = XCBuildConfiguration;
			buildSettings = {
				ALWAYS_SEARCH_USER_PATHS = NO;
				CLANG_ANALYZER_NONNULL = YES;
				CLANG_ANALYZER_NUMBER_OBJECT_CONVERSION = YES_AGGRESSIVE;
				CLANG_CXX_LANGUAGE_STANDARD = "gnu++20";
				CLANG_ENABLE_MODULES = YES;
				CLANG_ENABLE_OBJC_ARC = YES;
				CLANG_ENABLE_OBJC_WEAK = YES;
				CLANG_WARN_BLOCK_CAPTURE_AUTORELEASING = YES;
				CLANG_WARN_BOOL_CONVERSION = YES;
				CLANG_WARN_COMMA = YES;
				CLANG_WARN_CONSTANT_CONVERSION = YES;
				CLANG_WARN_DEPRECATED_OBJC_IMPLEMENTATIONS = YES;
				CLANG_WARN_DIRECT_OBJC_ISA_USAGE = YES_ERROR;
				CLANG_WARN_DOCUMENTATION_COMMENTS = YES;
				CLANG_WARN_EMPTY_BODY = YES;
				CLANG_WARN_ENUM_CONVERSION = YES;
				CLANG_WARN_INFINITE_RECURSION = YES;
				CLANG_WARN_INT_CONVERSION = YES;
				CLANG_WARN_NON_LITERAL_NULL_CONVERSION = YES;
				CLANG_WARN_OBJC_IMPLICIT_RETAIN_SELF = YES;
				CLANG_WARN_OBJC_LITERAL_CONVERSION = YES;
				CLANG_WARN_OBJC_ROOT_CLASS = YES_ERROR;
				CLANG_WARN_QUOTED_INCLUDE_IN_FRAMEWORK_HEADER = YES;
				CLANG_WARN_RANGE_LOOP_ANALYSIS = YES;
				CLANG_WARN_STRICT_PROTOTYPES = YES;
				CLANG_WARN_SUSPICIOUS_MOVE = YES;
				CLANG_WARN_UNGUARDED_AVAILABILITY = YES_AGGRESSIVE;
				CLANG_WARN_UNREACHABLE_CODE = YES;
				CLANG_WARN__DUPLICATE_METHOD_MATCH = YES;
				COPY_PHASE_STRIP = NO;
				DEBUG_INFORMATION_FORMAT = "dwarf-with-dsym";
				ENABLE_NS_ASSERTIONS = NO;
				ENABLE_STRICT_OBJC_MSGSEND = YES;
				GCC_C_LANGUAGE_STANDARD = gnu11;
				GCC_NO_COMMON_BLOCKS = YES;
				GCC_WARN_64_TO_32_BIT_CONVERSION = YES;
				GCC_WARN_ABOUT_RETURN_TYPE = YES_ERROR;
				GCC_WARN_UNDECLARED_SELECTOR = YES;
				GCC_WARN_UNINITIALIZED_AUTOS = YES_AGGRESSIVE;
				GCC_WARN_UNUSED_FUNCTION = YES;
				GCC_WARN_UNUSED_VARIABLE = YES;
				MACOSX_DEPLOYMENT_TARGET = 13.3;
				MTL_ENABLE_DEBUG_INFO = NO;
				MTL_FAST_MATH = YES;
				SDKROOT = macosx;
			};
			name = Release;
		};
		9DF7540A2A7E1B1B00876AA7 /* Debug */ = {
			isa = XCBuildConfiguration;
			buildSettings = {
				CODE_SIGN_STYLE = Automatic;
				DEVELOPMENT_TEAM = HGA6WJP36F;
				ENABLE_HARDENED_RUNTIME = YES;
				GCC_OPTIMIZATION_LEVEL = s;
				PRODUCT_NAME = "$(TARGET_NAME)";
			};
			name = Debug;
		};
		9DF7540B2A7E1B1B00876AA7 /* Release */ = {
			isa = XCBuildConfiguration;
			buildSettings = {
				CODE_SIGN_STYLE = Automatic;
				DEVELOPMENT_TEAM = HGA6WJP36F;
				ENABLE_HARDENED_RUNTIME = YES;
				PRODUCT_NAME = "$(TARGET_NAME)";
			};
			name = Release;
		};
/* End XCBuildConfiguration section */

/* Begin XCConfigurationList section */
		9DF753FD2A7E1B1B00876AA7 /* Build configuration list for PBXProject "LeetCode" */ = {
			isa = XCConfigurationList;
			buildConfigurations = (
				9DF754072A7E1B1B00876AA7 /* Debug */,
				9DF754082A7E1B1B00876AA7 /* Release */,
			);
			defaultConfigurationIsVisible = 0;
			defaultConfigurationName = Release;
		};
		9DF754092A7E1B1B00876AA7 /* Build configuration list for PBXNativeTarget "LeetCode" */ = {
			isa = XCConfigurationList;
			buildConfigurations = (
				9DF7540A2A7E1B1B00876AA7 /* Debug */,
				9DF7540B2A7E1B1B00876AA7 /* Release */,
			);
			defaultConfigurationIsVisible = 0;
			defaultConfigurationName = Release;
		};
/* End XCConfigurationList section */
	};
	rootObject = 9DF753FA2A7E1B1B00876AA7 /* Project object */;
}
